
Microsoft Visual Studio Solution File, Format Version 11.00
# Visual Studio 2010
Project("{FAE04EC0-301F-11D3-BF4B-00C04F79EFBC}") = "HappyAuth", "HappyAuth\HappyAuth.csproj", "{C2D1992A-1ACD-4421-B650-4D9D53F6A38D}"
EndProject
Project("{FAE04EC0-301F-11D3-BF4B-00C04F79EFBC}") = "HappyAuth.Domain", "HappyAuth.Domain\HappyAuth.Domain.csproj", "{808208C8-E5B0-4582-A84E-3FA658B96E92}"
EndProject
Global
	GlobalSection(SolutionConfigurationPlatforms) = preSolution
		Debug|Any CPU = Debug|Any CPU
		Release|Any CPU = Release|Any CPU
	EndGlobalSection
	GlobalSection(ProjectConfigurationPlatforms) = postSolution
		{C2D1992A-1ACD-4421-B650-4D9D53F6A38D}.Debug|Any CPU.ActiveCfg = Debug|Any CPU
		{C2D1992A-1ACD-4421-B650-4D9D53F6A38D}.Debug|Any CPU.Build.0 = Debug|Any CPU
		{C2D1992A-1ACD-4421-B650-4D9D53F6A38D}.Release|Any CPU.ActiveCfg = Release|Any CPU
		{C2D1992A-1ACD-4421-B650-4D9D53F6A38D}.Release|Any CPU.Build.0 = Release|Any CPU
		{808208C8-E5B0-4582-A84E-3FA658B96E92}.Debug|Any CPU.ActiveCfg = Debug|Any CPU
		{808208C8-E5B0-4582-A84E-3FA658B96E92}.Debug|Any CPU.Build.0 = Debug|Any CPU
		{808208C8-E5B0-4582-A84E-3FA658B96E92}.Release|Any CPU.ActiveCfg = Release|Any CPU
		{808208C8-E5B0-4582-A84E-3FA658B96E92}.Release|Any CPU.Build.0 = Release|Any CPU
	EndGlobalSection
	GlobalSection(SolutionProperties) = preSolution
		HideSolutionNode = FALSE
	EndGlobalSection
EndGlobal
